
Microsoft Visual Studio Solution File, Format Version 12.00
# Visual Studio Version 16
VisualStudioVersion = 16.0.29418.71
MinimumVisualStudioVersion = 10.0.40219.1
Project("{FAE04EC0-301F-11D3-BF4B-00C04F79EFBC}") = "Polynomial", "Polynomial.csproj", "{43A423F7-C744-459E-AD9E-24A74FE33F58}"
EndProject
Global
	GlobalSection(SolutionConfigurationPlatforms) = preSolution
		Debug|Any CPU = Debug|Any CPU
		Release|Any CPU = Release|Any CPU
	EndGlobalSection
	GlobalSection(ProjectConfigurationPlatforms) = postSolution
		{43A423F7-C744-459E-AD9E-24A74FE33F58}.Debug|Any CPU.ActiveCfg = Debug|Any CPU
		{43A423F7-C744-459E-AD9E-24A74FE33F58}.Debug|Any CPU.Build.0 = Debug|Any CPU
		{43A423F7-C744-459E-AD9E-24A74FE33F58}.Release|Any CPU.ActiveCfg = Release|Any CPU
		{43A423F7-C744-459E-AD9E-24A74FE33F58}.Release|Any CPU.Build.0 = Release|Any CPU
	EndGlobalSection
	GlobalSection(SolutionProperties) = preSolution
		HideSolutionNode = FALSE
	EndGlobalSection
	GlobalSection(ExtensibilityGlobals) = postSolution
		SolutionGuid = {023483D6-4605-4554-94A8-8357F691095F}
	EndGlobalSection
EndGlobal
